
Microsoft Visual Studio Solution File, Format Version 12.00
# Visual Studio Version 17
VisualStudioVersion = 17.13.35931.197 d17.13
MinimumVisualStudioVersion = 10.0.40219.1
Project("{FAE04EC0-301F-11D3-BF4B-00C04F79EFBC}") = "Ape_3_Grupo_2", "Ape_3_Grupo_2.csproj", "{C009CAE2-CA61-49D6-8A5A-4F753EC526FC}"
EndProject
Global
	GlobalSection(SolutionConfigurationPlatforms) = preSolution
		Debug|Any CPU = Debug|Any CPU
		Release|Any CPU = Release|Any CPU
	EndGlobalSection
	GlobalSection(ProjectConfigurationPlatforms) = postSolution
		{C009CAE2-CA61-49D6-8A5A-4F753EC526FC}.Debug|Any CPU.ActiveCfg = Debug|Any CPU
		{C009CAE2-CA61-49D6-8A5A-4F753EC526FC}.Debug|Any CPU.Build.0 = Debug|Any CPU
		{C009CAE2-CA61-49D6-8A5A-4F753EC526FC}.Release|Any CPU.ActiveCfg = Release|Any CPU
		{C009CAE2-CA61-49D6-8A5A-4F753EC526FC}.Release|Any CPU.Build.0 = Release|Any CPU
	EndGlobalSection
	GlobalSection(SolutionProperties) = preSolution
		HideSolutionNode = FALSE
	EndGlobalSection
	GlobalSection(ExtensibilityGlobals) = postSolution
		SolutionGuid = {C1421588-C0C3-46D1-BD56-2A57AB9396B9}
	EndGlobalSection
EndGlobal
